{
    "version": 3,
    "terraform_version": "0.10.6",
    "serial": 6,
    "lineage": "1d444416-4a13-4f90-ae31-28ebf331cfd0",
    "modules": [
        {
            "path": [
                "root"
            ],
            "outputs": {},
            "resources": {
                "aws_autoscaling_group.ecs": {
                    "type": "aws_autoscaling_group",
                    "depends_on": [
                        "aws_launch_configuration.ecs"
                    ],
                    "primary": {
                        "id": "ppv",
                        "attributes": {
                            "arn": "arn:aws:autoscaling:eu-west-1:780172389235:autoScalingGroup:2292a2a8-4dad-4c31-96bc-88f05b2bf974:autoScalingGroupName/ppv",
                            "availability_zones.#": "1",
                            "availability_zones.1924028850": "eu-west-1b",
                            "default_cooldown": "300",
                            "desired_capacity": "1",
                            "force_delete": "false",
                            "health_check_grace_period": "300",
                            "health_check_type": "EC2",
                            "id": "ppv",
                            "launch_configuration": "ppv",
                            "load_balancers.#": "0",
                            "max_size": "1",
                            "metrics_granularity": "1Minute",
                            "min_size": "1",
                            "name": "ppv",
                            "placement_group": "",
                            "protect_from_scale_in": "false",
                            "suspended_processes.#": "0",
                            "tag.#": "1",
                            "tag.2549941441.key": "Name",
                            "tag.2549941441.propagate_at_launch": "false",
                            "tag.2549941441.value": "ppv",
                            "target_group_arns.#": "0",
                            "termination_policies.#": "0",
                            "vpc_zone_identifier.#": "1",
                            "vpc_zone_identifier.3267972824": "subnet-03421d67",
                            "wait_for_capacity_timeout": "10m"
                        },
                        "meta": {
                            "e2bfb730-ecaa-11e6-8f88-34363bc7c4c0": {
                                "delete": 600000000000
                            }
                        },
                        "tainted": false
                    },
                    "deposed": [],
                    "provider": ""
                },
                "aws_ecr_repository.ppv_ecr": {
                    "type": "aws_ecr_repository",
                    "depends_on": [],
                    "primary": {
                        "id": "ppv-prod",
                        "attributes": {
                            "arn": "arn:aws:ecr:eu-west-1:780172389235:repository/ppv-prod",
                            "id": "ppv-prod",
                            "name": "ppv-prod",
                            "registry_id": "780172389235",
                            "repository_url": "780172389235.dkr.ecr.eu-west-1.amazonaws.com/ppv-prod"
                        },
                        "meta": {},
                        "tainted": false
                    },
                    "deposed": [],
                    "provider": ""
                },
                "aws_ecr_repository.ppv_nginx": {
                    "type": "aws_ecr_repository",
                    "depends_on": [],
                    "primary": {
                        "id": "ppv-prod-nginx",
                        "attributes": {
                            "arn": "arn:aws:ecr:eu-west-1:780172389235:repository/ppv-prod-nginx",
                            "id": "ppv-prod-nginx",
                            "name": "ppv-prod-nginx",
                            "registry_id": "780172389235",
                            "repository_url": "780172389235.dkr.ecr.eu-west-1.amazonaws.com/ppv-prod-nginx"
                        },
                        "meta": {},
                        "tainted": false
                    },
                    "deposed": [],
                    "provider": ""
                },
                "aws_ecr_repository.ppv_website": {
                    "type": "aws_ecr_repository",
                    "depends_on": [],
                    "primary": {
                        "id": "ppv-website",
                        "attributes": {
                            "arn": "arn:aws:ecr:eu-west-1:780172389235:repository/ppv-website",
                            "id": "ppv-website",
                            "name": "ppv-website",
                            "registry_id": "780172389235",
                            "repository_url": "780172389235.dkr.ecr.eu-west-1.amazonaws.com/ppv-website"
                        },
                        "meta": {},
                        "tainted": false
                    },
                    "deposed": [],
                    "provider": ""
                },
                "aws_ecs_cluster.ppv": {
                    "type": "aws_ecs_cluster",
                    "depends_on": [],
                    "primary": {
                        "id": "arn:aws:ecs:eu-west-1:780172389235:cluster/ppv-prod",
                        "attributes": {
                            "id": "arn:aws:ecs:eu-west-1:780172389235:cluster/ppv-prod",
                            "name": "ppv-prod"
                        },
                        "meta": {},
                        "tainted": false
                    },
                    "deposed": [],
                    "provider": ""
                },
                "aws_ecs_service.ppv": {
                    "type": "aws_ecs_service",
                    "depends_on": [
                        "aws_ecs_cluster.ppv",
                        "aws_ecs_task_definition.ppv"
                    ],
                    "primary": {
                        "id": "arn:aws:ecs:eu-west-1:780172389235:service/ppv-prod-api",
                        "attributes": {
                            "cluster": "arn:aws:ecs:eu-west-1:780172389235:cluster/ppv-prod",
                            "deployment_maximum_percent": "200",
                            "deployment_minimum_healthy_percent": "0",
                            "desired_count": "1",
                            "id": "arn:aws:ecs:eu-west-1:780172389235:service/ppv-prod-api",
                            "name": "ppv-prod-api",
                            "placement_constraints.#": "0",
                            "placement_strategy.#": "1",
                            "placement_strategy.1008756825.field": "cpu",
                            "placement_strategy.1008756825.type": "binpack",
                            "task_definition": "arn:aws:ecs:eu-west-1:780172389235:task-definition/picogauge-prod:28"
                        },
                        "meta": {},
                        "tainted": false
                    },
                    "deposed": [],
                    "provider": ""
                },
                "aws_ecs_service.ppv-nginx": {
                    "type": "aws_ecs_service",
                    "depends_on": [
                        "aws_ecs_cluster.ppv",
                        "aws_ecs_task_definition.ppv-nginx"
                    ],
                    "primary": {
                        "id": "arn:aws:ecs:eu-west-1:780172389235:service/ppv-prod-nginx",
                        "attributes": {
                            "cluster": "arn:aws:ecs:eu-west-1:780172389235:cluster/ppv-prod",
                            "deployment_maximum_percent": "200",
                            "deployment_minimum_healthy_percent": "0",
                            "desired_count": "1",
                            "id": "arn:aws:ecs:eu-west-1:780172389235:service/ppv-prod-nginx",
                            "name": "ppv-prod-nginx",
                            "placement_constraints.#": "0",
                            "placement_strategy.#": "1",
                            "placement_strategy.1008756825.field": "cpu",
                            "placement_strategy.1008756825.type": "binpack",
                            "task_definition": "arn:aws:ecs:eu-west-1:780172389235:task-definition/ppv-prod-nginx:2"
                        },
                        "meta": {},
                        "tainted": false
                    },
                    "deposed": [],
                    "provider": ""
                },
                "aws_ecs_service.ppv-website": {
                    "type": "aws_ecs_service",
                    "depends_on": [
                        "aws_ecs_cluster.ppv",
                        "aws_ecs_task_definition.ppv-website"
                    ],
                    "primary": {
                        "id": "arn:aws:ecs:eu-west-1:780172389235:service/ppv-prod-website",
                        "attributes": {
                            "cluster": "arn:aws:ecs:eu-west-1:780172389235:cluster/ppv-prod",
                            "deployment_maximum_percent": "200",
                            "deployment_minimum_healthy_percent": "0",
                            "desired_count": "1",
                            "id": "arn:aws:ecs:eu-west-1:780172389235:service/ppv-prod-website",
                            "name": "ppv-prod-website",
                            "placement_constraints.#": "0",
                            "placement_strategy.#": "1",
                            "placement_strategy.1008756825.field": "cpu",
                            "placement_strategy.1008756825.type": "binpack",
                            "task_definition": "arn:aws:ecs:eu-west-1:780172389235:task-definition/ppv-prod-website:4"
                        },
                        "meta": {},
                        "tainted": false
                    },
                    "deposed": [],
                    "provider": ""
                },
                "aws_ecs_task_definition.ppv": {
                    "type": "aws_ecs_task_definition",
                    "depends_on": [],
                    "primary": {
                        "id": "picogauge-prod",
                        "attributes": {
                            "arn": "arn:aws:ecs:eu-west-1:780172389235:task-definition/picogauge-prod:28",
                            "container_definitions": "c5d1c04574a7e9b5b4a2dc1a6814ae7fdc224ce4",
                            "family": "picogauge-prod",
                            "id": "picogauge-prod",
                            "network_mode": "",
                            "placement_constraints.#": "0",
                            "revision": "28",
                            "task_role_arn": "",
                            "volume.#": "2",
                            "volume.242572188.host_path": "/ecs/ppv-app",
                            "volume.242572188.name": "ppv-app",
                            "volume.742163621.host_path": "/ecs/service-storage",
                            "volume.742163621.name": "service-storage"
                        },
                        "meta": {},
                        "tainted": false
                    },
                    "deposed": [],
                    "provider": ""
                },
                "aws_ecs_task_definition.ppv-nginx": {
                    "type": "aws_ecs_task_definition",
                    "depends_on": [],
                    "primary": {
                        "id": "ppv-prod-nginx",
                        "attributes": {
                            "arn": "arn:aws:ecs:eu-west-1:780172389235:task-definition/ppv-prod-nginx:2",
                            "container_definitions": "6dda95b9196609f30bff3ae368d5e3f206d996fe",
                            "family": "ppv-prod-nginx",
                            "id": "ppv-prod-nginx",
                            "network_mode": "",
                            "placement_constraints.#": "0",
                            "revision": "2",
                            "task_role_arn": "",
                            "volume.#": "4",
                            "volume.242572188.host_path": "/ecs/ppv-app",
                            "volume.242572188.name": "ppv-app",
                            "volume.3341319616.host_path": "/ecs/letsencrypt",
                            "volume.3341319616.name": "letsencrypt",
                            "volume.3559058250.host_path": "/ecs/ppv-website",
                            "volume.3559058250.name": "ppv-website",
                            "volume.536013383.host_path": "/ecs/service-storage/nginx",
                            "volume.536013383.name": "service-storage"
                        },
                        "meta": {},
                        "tainted": false
                    },
                    "deposed": [],
                    "provider": ""
                },
                "aws_ecs_task_definition.ppv-website": {
                    "type": "aws_ecs_task_definition",
                    "depends_on": [],
                    "primary": {
                        "id": "ppv-prod-website",
                        "attributes": {
                            "arn": "arn:aws:ecs:eu-west-1:780172389235:task-definition/ppv-prod-website:4",
                            "container_definitions": "ab45caa47e904e33b34f8e3869447f6517e75a68",
                            "family": "ppv-prod-website",
                            "id": "ppv-prod-website",
                            "network_mode": "",
                            "placement_constraints.#": "0",
                            "revision": "4",
                            "task_role_arn": "",
                            "volume.#": "2",
                            "volume.3032076811.host_path": "/ecs/service-storage/ppv-website",
                            "volume.3032076811.name": "service-storage",
                            "volume.3559058250.host_path": "/ecs/ppv-website",
                            "volume.3559058250.name": "ppv-website"
                        },
                        "meta": {},
                        "tainted": false
                    },
                    "deposed": [],
                    "provider": ""
                },
                "aws_iam_instance_profile.ecs": {
                    "type": "aws_iam_instance_profile",
                    "depends_on": [
                        "aws_iam_role.ecs_role"
                    ],
                    "primary": {
                        "id": "ppv-prod-ecs-instance-profile",
                        "attributes": {
                            "arn": "arn:aws:iam::780172389235:instance-profile/ppv-prod-ecs-instance-profile",
                            "id": "ppv-prod-ecs-instance-profile",
                            "name": "ppv-prod-ecs-instance-profile",
                            "path": "/",
                            "role": "ppv-prod-ecs_role",
                            "roles.#": "1",
                            "roles.1435746369": "ppv-prod-ecs_role",
                            "unique_id": "AIPAJDHFR5SROD4PTYL7I"
                        },
                        "meta": {},
                        "tainted": false
                    },
                    "deposed": [],
                    "provider": ""
                },
                "aws_iam_role.ecs_role": {
                    "type": "aws_iam_role",
                    "depends_on": [],
                    "primary": {
                        "id": "ppv-prod-ecs_role",
                        "attributes": {
                            "arn": "arn:aws:iam::780172389235:role/ppv-prod-ecs_role",
                            "assume_role_policy": "{\"Version\":\"2008-10-17\",\"Statement\":[{\"Effect\":\"Allow\",\"Principal\":{\"Service\":[\"ecs.amazonaws.com\",\"ec2.amazonaws.com\"]},\"Action\":\"sts:AssumeRole\"}]}",
                            "create_date": "2017-10-27T14:14:29Z",
                            "force_detach_policies": "false",
                            "id": "ppv-prod-ecs_role",
                            "name": "ppv-prod-ecs_role",
                            "path": "/",
                            "unique_id": "AROAIJSMERHJSJBIU3J2O"
                        },
                        "meta": {},
                        "tainted": false
                    },
                    "deposed": [],
                    "provider": ""
                },
                "aws_iam_role_policy.ecs_instance_role_policy": {
                    "type": "aws_iam_role_policy",
                    "depends_on": [
                        "aws_iam_role.ecs_role"
                    ],
                    "primary": {
                        "id": "ppv-prod-ecs_role:ppv-prod-ecs_instance_role_policy",
                        "attributes": {
                            "id": "ppv-prod-ecs_role:ppv-prod-ecs_instance_role_policy",
                            "name": "ppv-prod-ecs_instance_role_policy",
                            "policy": "{\n  \"Version\": \"2012-10-17\",\n  \"Statement\": [\n    {\n      \"Effect\": \"Allow\",\n      \"Action\": [\n        \"ecs:CreateCluster\",\n        \"ecs:DeregisterContainerInstance\",\n        \"ecs:DiscoverPollEndpoint\",\n        \"ecs:Poll\",\n        \"ecs:RegisterContainerInstance\",\n        \"ecs:StartTelemetrySession\",\n        \"ecs:Submit*\",\n        \"ecs:StartTask\",\n        \"ecr:GetDownloadUrlForLayer\",\n        \"ecr:BatchGetImage\",\n        \"ecr:BatchCheckLayerAvailability\",\n        \"ecr:PutImage\",\n        \"ecr:InitiateLayerUpload\",\n        \"ecr:UploadLayerPart\",\n        \"ecr:CompleteLayerUpload\",\n        \"ecr:*\",\n        \"logs:*\",\n        \"ses:SendEmail\",\n        \"ses:SendRawEmail\"\n      ],\n      \"Resource\": \"*\"\n    }\n  ]\n}",
                            "role": "ppv-prod-ecs_role"
                        },
                        "meta": {},
                        "tainted": false
                    },
                    "deposed": [],
                    "provider": ""
                },
                "aws_launch_configuration.ecs": {
                    "type": "aws_launch_configuration",
                    "depends_on": [
                        "aws_ecs_cluster.ppv",
                        "aws_iam_instance_profile.ecs",
                        "aws_security_group.ecs"
                    ],
                    "primary": {
                        "id": "ppv",
                        "attributes": {
                            "associate_public_ip_address": "true",
                            "ebs_block_device.#": "0",
                            "ebs_optimized": "false",
                            "enable_monitoring": "true",
                            "ephemeral_block_device.#": "0",
                            "iam_instance_profile": "ppv-prod-ecs-instance-profile",
                            "id": "ppv",
                            "image_id": "ami-809f84e6",
                            "instance_type": "t2.nano",
                            "key_name": "AWS_Mettalloids_Key",
                            "name": "ppv",
                            "root_block_device.#": "1",
                            "root_block_device.0.delete_on_termination": "true",
                            "root_block_device.0.iops": "0",
                            "root_block_device.0.volume_size": "8",
                            "root_block_device.0.volume_type": "gp2",
                            "security_groups.#": "1",
                            "security_groups.1620334714": "sg-d37fb9a8",
                            "spot_price": "",
                            "user_data": "e6d52e1ee23e4784d949a07b99701f445ef0ff49",
                            "vpc_classic_link_id": "",
                            "vpc_classic_link_security_groups.#": "0"
                        },
                        "meta": {},
                        "tainted": false
                    },
                    "deposed": [],
                    "provider": ""
                },
                "aws_route53_record.prod-app-url": {
                    "type": "aws_route53_record",
                    "depends_on": [],
                    "primary": {
                        "id": "Z27HN95YLRNUWB_bookshelf.ng_A",
                        "attributes": {
                            "fqdn": "bookshelf.ng.peculiarppv.com",
                            "health_check_id": "",
                            "id": "Z27HN95YLRNUWB_bookshelf.ng_A",
                            "name": "bookshelf.ng",
                            "records.#": "1",
                            "records.1976132859": "52.19.0.218",
                            "set_identifier": "",
                            "ttl": "300",
                            "type": "A",
                            "zone_id": "Z27HN95YLRNUWB"
                        },
                        "meta": {
                            "schema_version": "2"
                        },
                        "tainted": false
                    },
                    "deposed": [],
                    "provider": ""
                },
                "aws_route53_record.prod-website-a": {
                    "type": "aws_route53_record",
                    "depends_on": [],
                    "primary": {
                        "id": "Z27HN95YLRNUWB_www.peculiarppv.com_A",
                        "attributes": {
                            "fqdn": "www.peculiarppv.com",
                            "health_check_id": "",
                            "id": "Z27HN95YLRNUWB_www.peculiarppv.com_A",
                            "name": "www.peculiarppv.com",
                            "records.#": "1",
                            "records.1976132859": "52.19.0.218",
                            "set_identifier": "",
                            "ttl": "300",
                            "type": "A",
                            "zone_id": "Z27HN95YLRNUWB"
                        },
                        "meta": {
                            "schema_version": "2"
                        },
                        "tainted": false
                    },
                    "deposed": [],
                    "provider": ""
                },
                "aws_route53_record.prod-website-b": {
                    "type": "aws_route53_record",
                    "depends_on": [],
                    "primary": {
                        "id": "Z27HN95YLRNUWB_peculiarppv.com_A",
                        "attributes": {
                            "fqdn": "peculiarppv.com",
                            "health_check_id": "",
                            "id": "Z27HN95YLRNUWB_peculiarppv.com_A",
                            "name": "peculiarppv.com",
                            "records.#": "1",
                            "records.1976132859": "52.19.0.218",
                            "set_identifier": "",
                            "ttl": "300",
                            "type": "A",
                            "zone_id": "Z27HN95YLRNUWB"
                        },
                        "meta": {
                            "schema_version": "2"
                        },
                        "tainted": false
                    },
                    "deposed": [],
                    "provider": ""
                },
                "aws_security_group.ecs": {
                    "type": "aws_security_group",
                    "depends_on": [],
                    "primary": {
                        "id": "sg-d37fb9a8",
                        "attributes": {
                            "description": "Container Instance Allowed Ports",
                            "egress.#": "1",
                            "egress.482069346.cidr_blocks.#": "1",
                            "egress.482069346.cidr_blocks.0": "0.0.0.0/0",
                            "egress.482069346.from_port": "0",
                            "egress.482069346.ipv6_cidr_blocks.#": "0",
                            "egress.482069346.prefix_list_ids.#": "0",
                            "egress.482069346.protocol": "-1",
                            "egress.482069346.security_groups.#": "0",
                            "egress.482069346.self": "false",
                            "egress.482069346.to_port": "0",
                            "id": "sg-d37fb9a8",
                            "ingress.#": "3",
                            "ingress.2214680975.cidr_blocks.#": "1",
                            "ingress.2214680975.cidr_blocks.0": "0.0.0.0/0",
                            "ingress.2214680975.from_port": "80",
                            "ingress.2214680975.ipv6_cidr_blocks.#": "0",
                            "ingress.2214680975.protocol": "tcp",
                            "ingress.2214680975.security_groups.#": "0",
                            "ingress.2214680975.self": "false",
                            "ingress.2214680975.to_port": "80",
                            "ingress.2541437006.cidr_blocks.#": "1",
                            "ingress.2541437006.cidr_blocks.0": "0.0.0.0/0",
                            "ingress.2541437006.from_port": "22",
                            "ingress.2541437006.ipv6_cidr_blocks.#": "0",
                            "ingress.2541437006.protocol": "tcp",
                            "ingress.2541437006.security_groups.#": "0",
                            "ingress.2541437006.self": "false",
                            "ingress.2541437006.to_port": "22",
                            "ingress.2617001939.cidr_blocks.#": "1",
                            "ingress.2617001939.cidr_blocks.0": "0.0.0.0/0",
                            "ingress.2617001939.from_port": "443",
                            "ingress.2617001939.ipv6_cidr_blocks.#": "0",
                            "ingress.2617001939.protocol": "tcp",
                            "ingress.2617001939.security_groups.#": "0",
                            "ingress.2617001939.self": "false",
                            "ingress.2617001939.to_port": "443",
                            "name": "ppv-ecs-sg",
                            "owner_id": "780172389235",
                            "tags.%": "1",
                            "tags.Name": "ppv-ecs-prod",
                            "vpc_id": "vpc-4cc48228"
                        },
                        "meta": {},
                        "tainted": false
                    },
                    "deposed": [],
                    "provider": ""
                }
            },
            "depends_on": []
        }
    ]
}
