{
    "version": 3,
    "terraform_version": "0.10.6",
    "serial": 10,
    "lineage": "1d444416-4a13-4f90-ae31-28ebf331cfd0",
    "modules": [
        {
            "path": [
                "root"
            ],
            "outputs": {},
            "resources": {
                "aws_autoscaling_group.ecs": {
                    "type": "aws_autoscaling_group",
                    "depends_on": [
                        "aws_launch_configuration.ecs"
                    ],
                    "primary": {
                        "id": "ppv",
                        "attributes": {
                            "arn": "arn:aws:autoscaling:eu-west-1:780172389235:autoScalingGroup:2292a2a8-4dad-4c31-96bc-88f05b2bf974:autoScalingGroupName/ppv",
                            "availability_zones.#": "1",
                            "availability_zones.1924028850": "eu-west-1b",
                            "default_cooldown": "300",
                            "desired_capacity": "1",
                            "force_delete": "false",
                            "health_check_grace_period": "300",
                            "health_check_type": "EC2",
                            "id": "ppv",
                            "launch_configuration": "ppv",
                            "load_balancers.#": "0",
                            "max_size": "1",
                            "metrics_granularity": "1Minute",
                            "min_size": "1",
                            "name": "ppv",
                            "placement_group": "",
                            "protect_from_scale_in": "false",
                            "suspended_processes.#": "0",
                            "tag.#": "2",
                            "tag.2896128396.key": "Name",
                            "tag.2896128396.propagate_at_launch": "true",
                            "tag.2896128396.value": "ppv-prod",
                            "tag.2913451436.key": "BILLING_PROJECT",
                            "tag.2913451436.propagate_at_launch": "true",
                            "tag.2913451436.value": "ppv",
                            "target_group_arns.#": "0",
                            "termination_policies.#": "0",
                            "vpc_zone_identifier.#": "1",
                            "vpc_zone_identifier.3267972824": "subnet-03421d67",
                            "wait_for_capacity_timeout": "10m"
                        },
                        "meta": {
                            "e2bfb730-ecaa-11e6-8f88-34363bc7c4c0": {
                                "delete": 600000000000
                            }
                        },
                        "tainted": false
                    },
                    "deposed": [],
                    "provider": ""
                },
                "aws_ecr_repository.app_ecr": {
                    "type": "aws_ecr_repository",
                    "depends_on": [],
                    "primary": {
                        "id": "ppv-prod",
                        "attributes": {
                            "arn": "arn:aws:ecr:eu-west-1:780172389235:repository/ppv-prod",
                            "id": "ppv-prod",
                            "name": "ppv-prod",
                            "registry_id": "780172389235",
                            "repository_url": "780172389235.dkr.ecr.eu-west-1.amazonaws.com/ppv-prod"
                        },
                        "meta": {},
                        "tainted": false
                    },
                    "deposed": [],
                    "provider": ""
                },
                "aws_ecr_repository.app_nginx": {
                    "type": "aws_ecr_repository",
                    "depends_on": [],
                    "primary": {
                        "id": "ppv-prod-nginx",
                        "attributes": {
                            "arn": "arn:aws:ecr:eu-west-1:780172389235:repository/ppv-prod-nginx",
                            "id": "ppv-prod-nginx",
                            "name": "ppv-prod-nginx",
                            "registry_id": "780172389235",
                            "repository_url": "780172389235.dkr.ecr.eu-west-1.amazonaws.com/ppv-prod-nginx"
                        },
                        "meta": {},
                        "tainted": false
                    },
                    "deposed": [],
                    "provider": ""
                },
                "aws_ecr_repository.app_website": {
                    "type": "aws_ecr_repository",
                    "depends_on": [],
                    "primary": {
                        "id": "ppv-website",
                        "attributes": {
                            "arn": "arn:aws:ecr:eu-west-1:780172389235:repository/ppv-website",
                            "id": "ppv-website",
                            "name": "ppv-website",
                            "registry_id": "780172389235",
                            "repository_url": "780172389235.dkr.ecr.eu-west-1.amazonaws.com/ppv-website"
                        },
                        "meta": {},
                        "tainted": false
                    },
                    "deposed": [],
                    "provider": ""
                },
                "aws_ecs_cluster.ecs_cluster": {
                    "type": "aws_ecs_cluster",
                    "depends_on": [],
                    "primary": {
                        "id": "arn:aws:ecs:eu-west-1:780172389235:cluster/ppv-prod",
                        "attributes": {
                            "id": "arn:aws:ecs:eu-west-1:780172389235:cluster/ppv-prod",
                            "name": "ppv-prod"
                        },
                        "meta": {},
                        "tainted": false
                    },
                    "deposed": [],
                    "provider": ""
                },
                "aws_ecs_service.app-nginx": {
                    "type": "aws_ecs_service",
                    "depends_on": [
                        "aws_ecs_cluster.ecs_cluster",
                        "aws_ecs_task_definition.app-nginx"
                    ],
                    "primary": {
                        "id": "arn:aws:ecs:eu-west-1:780172389235:service/ppv-prod-nginx",
                        "attributes": {
                            "cluster": "arn:aws:ecs:eu-west-1:780172389235:cluster/ppv-prod",
                            "deployment_maximum_percent": "200",
                            "deployment_minimum_healthy_percent": "0",
                            "desired_count": "1",
                            "id": "arn:aws:ecs:eu-west-1:780172389235:service/ppv-prod-nginx",
                            "name": "ppv-prod-nginx",
                            "placement_constraints.#": "0",
                            "placement_strategy.#": "1",
                            "placement_strategy.1008756825.field": "cpu",
                            "placement_strategy.1008756825.type": "binpack",
                            "task_definition": "arn:aws:ecs:eu-west-1:780172389235:task-definition/ppv-prod-nginx:12"
                        },
                        "meta": {},
                        "tainted": false
                    },
                    "deposed": [],
                    "provider": ""
                },
                "aws_ecs_service.app-website": {
                    "type": "aws_ecs_service",
                    "depends_on": [
                        "aws_ecs_cluster.ecs_cluster",
                        "aws_ecs_task_definition.app-website"
                    ],
                    "primary": {
                        "id": "arn:aws:ecs:eu-west-1:780172389235:service/ppv-prod-website",
                        "attributes": {
                            "cluster": "arn:aws:ecs:eu-west-1:780172389235:cluster/ppv-prod",
                            "deployment_maximum_percent": "200",
                            "deployment_minimum_healthy_percent": "0",
                            "desired_count": "1",
                            "id": "arn:aws:ecs:eu-west-1:780172389235:service/ppv-prod-website",
                            "name": "ppv-prod-website",
                            "placement_constraints.#": "0",
                            "placement_strategy.#": "1",
                            "placement_strategy.1008756825.field": "cpu",
                            "placement_strategy.1008756825.type": "binpack",
                            "task_definition": "arn:aws:ecs:eu-west-1:780172389235:task-definition/ppv-prod-website:9"
                        },
                        "meta": {},
                        "tainted": false
                    },
                    "deposed": [],
                    "provider": ""
                },
                "aws_ecs_service.main": {
                    "type": "aws_ecs_service",
                    "depends_on": [
                        "aws_ecs_cluster.ecs_cluster",
                        "aws_ecs_task_definition.main"
                    ],
                    "primary": {
                        "id": "arn:aws:ecs:eu-west-1:780172389235:service/ppv-prod-api",
                        "attributes": {
                            "cluster": "arn:aws:ecs:eu-west-1:780172389235:cluster/ppv-prod",
                            "deployment_maximum_percent": "200",
                            "deployment_minimum_healthy_percent": "0",
                            "desired_count": "1",
                            "id": "arn:aws:ecs:eu-west-1:780172389235:service/ppv-prod-api",
                            "name": "ppv-prod-api",
                            "placement_constraints.#": "0",
                            "placement_strategy.#": "1",
                            "placement_strategy.1008756825.field": "cpu",
                            "placement_strategy.1008756825.type": "binpack",
                            "task_definition": "arn:aws:ecs:eu-west-1:780172389235:task-definition/ppv-prod:2"
                        },
                        "meta": {},
                        "tainted": false
                    },
                    "deposed": [],
                    "provider": ""
                },
                "aws_ecs_task_definition.app-nginx": {
                    "type": "aws_ecs_task_definition",
                    "depends_on": [],
                    "primary": {
                        "id": "ppv-prod-nginx",
                        "attributes": {
                            "arn": "arn:aws:ecs:eu-west-1:780172389235:task-definition/ppv-prod-nginx:12",
                            "container_definitions": "dc4ccadb4d63b6540269b2ec92bd014d5eb354a3",
                            "family": "ppv-prod-nginx",
                            "id": "ppv-prod-nginx",
                            "network_mode": "",
                            "placement_constraints.#": "0",
                            "revision": "12",
                            "task_role_arn": "",
                            "volume.#": "4",
                            "volume.1079278321.host_path": "/data/letsencrypt",
                            "volume.1079278321.name": "letsencrypt",
                            "volume.3996528971.host_path": "/data/ppv-website",
                            "volume.3996528971.name": "ppv-website",
                            "volume.536013383.host_path": "/ecs/service-storage/nginx",
                            "volume.536013383.name": "service-storage",
                            "volume.609130820.host_path": "/data/ppv-app",
                            "volume.609130820.name": "ppv-app"
                        },
                        "meta": {},
                        "tainted": false
                    },
                    "deposed": [],
                    "provider": ""
                },
                "aws_ecs_task_definition.app-website": {
                    "type": "aws_ecs_task_definition",
                    "depends_on": [],
                    "primary": {
                        "id": "ppv-prod-website",
                        "attributes": {
                            "arn": "arn:aws:ecs:eu-west-1:780172389235:task-definition/ppv-prod-website:9",
                            "container_definitions": "4fa19d795b8dd27b26fff5ba1871cb754ae65440",
                            "family": "ppv-prod-website",
                            "id": "ppv-prod-website",
                            "network_mode": "",
                            "placement_constraints.#": "0",
                            "revision": "9",
                            "task_role_arn": "",
                            "volume.#": "2",
                            "volume.3032076811.host_path": "/ecs/service-storage/ppv-website",
                            "volume.3032076811.name": "service-storage",
                            "volume.3996528971.host_path": "/data/ppv-website",
                            "volume.3996528971.name": "ppv-website"
                        },
                        "meta": {},
                        "tainted": false
                    },
                    "deposed": [],
                    "provider": ""
                },
                "aws_ecs_task_definition.main": {
                    "type": "aws_ecs_task_definition",
                    "depends_on": [],
                    "primary": {
                        "id": "ppv-prod",
                        "attributes": {
                            "arn": "arn:aws:ecs:eu-west-1:780172389235:task-definition/ppv-prod:2",
                            "container_definitions": "c5d1c04574a7e9b5b4a2dc1a6814ae7fdc224ce4",
                            "family": "ppv-prod",
                            "id": "ppv-prod",
                            "network_mode": "",
                            "placement_constraints.#": "0",
                            "revision": "2",
                            "task_role_arn": "",
                            "volume.#": "2",
                            "volume.609130820.host_path": "/data/ppv-app",
                            "volume.609130820.name": "ppv-app",
                            "volume.742163621.host_path": "/ecs/service-storage",
                            "volume.742163621.name": "service-storage"
                        },
                        "meta": {},
                        "tainted": false
                    },
                    "deposed": [],
                    "provider": ""
                },
                "aws_iam_instance_profile.ecs": {
                    "type": "aws_iam_instance_profile",
                    "depends_on": [
                        "aws_iam_role.ecs_role"
                    ],
                    "primary": {
                        "id": "ppv-prod-ecs-instance-profile",
                        "attributes": {
                            "arn": "arn:aws:iam::780172389235:instance-profile/ppv-prod-ecs-instance-profile",
                            "id": "ppv-prod-ecs-instance-profile",
                            "name": "ppv-prod-ecs-instance-profile",
                            "path": "/",
                            "role": "ppv-prod-ecs_role",
                            "roles.#": "1",
                            "roles.1435746369": "ppv-prod-ecs_role",
                            "unique_id": "AIPAJDHFR5SROD4PTYL7I"
                        },
                        "meta": {},
                        "tainted": false
                    },
                    "deposed": [],
                    "provider": ""
                },
                "aws_iam_role.ecs_role": {
                    "type": "aws_iam_role",
                    "depends_on": [],
                    "primary": {
                        "id": "ppv-prod-ecs_role",
                        "attributes": {
                            "arn": "arn:aws:iam::780172389235:role/ppv-prod-ecs_role",
                            "assume_role_policy": "{\"Version\":\"2008-10-17\",\"Statement\":[{\"Effect\":\"Allow\",\"Principal\":{\"Service\":[\"ec2.amazonaws.com\",\"ecs.amazonaws.com\"]},\"Action\":\"sts:AssumeRole\"}]}",
                            "create_date": "2017-10-27T14:14:29Z",
                            "force_detach_policies": "false",
                            "id": "ppv-prod-ecs_role",
                            "name": "ppv-prod-ecs_role",
                            "path": "/",
                            "unique_id": "AROAIJSMERHJSJBIU3J2O"
                        },
                        "meta": {},
                        "tainted": false
                    },
                    "deposed": [],
                    "provider": ""
                },
                "aws_iam_role_policy.ecs_instance_role_policy": {
                    "type": "aws_iam_role_policy",
                    "depends_on": [
                        "aws_iam_role.ecs_role"
                    ],
                    "primary": {
                        "id": "ppv-prod-ecs_role:ppv-prod-ecs_instance_role_policy",
                        "attributes": {
                            "id": "ppv-prod-ecs_role:ppv-prod-ecs_instance_role_policy",
                            "name": "ppv-prod-ecs_instance_role_policy",
                            "policy": "{\n  \"Version\": \"2012-10-17\",\n  \"Statement\": [\n    {\n      \"Effect\": \"Allow\",\n      \"Action\": [\n        \"ecs:CreateCluster\",\n        \"ecs:DeregisterContainerInstance\",\n        \"ecs:DiscoverPollEndpoint\",\n        \"ecs:Poll\",\n        \"ecs:RegisterContainerInstance\",\n        \"ecs:StartTelemetrySession\",\n        \"ecs:Submit*\",\n        \"ecs:StartTask\",\n        \"ecr:GetDownloadUrlForLayer\",\n        \"ecr:BatchGetImage\",\n        \"ecr:BatchCheckLayerAvailability\",\n        \"ecr:PutImage\",\n        \"ecr:InitiateLayerUpload\",\n        \"ecr:UploadLayerPart\",\n        \"ecr:CompleteLayerUpload\",\n        \"ecr:*\",\n        \"logs:*\",\n        \"ses:SendEmail\",\n        \"ses:SendRawEmail\"\n      ],\n      \"Resource\": \"*\"\n    }\n  ]\n}",
                            "role": "ppv-prod-ecs_role"
                        },
                        "meta": {},
                        "tainted": false
                    },
                    "deposed": [],
                    "provider": ""
                },
                "aws_launch_configuration.ecs": {
                    "type": "aws_launch_configuration",
                    "depends_on": [
                        "aws_ecs_cluster.ppv",
                        "aws_iam_instance_profile.ecs",
                        "aws_security_group.ecs"
                    ],
                    "primary": {
                        "id": "ppv",
                        "attributes": {
                            "associate_public_ip_address": "true",
                            "ebs_block_device.#": "0",
                            "ebs_optimized": "false",
                            "enable_monitoring": "true",
                            "ephemeral_block_device.#": "0",
                            "iam_instance_profile": "ppv-prod-ecs-instance-profile",
                            "id": "ppv",
                            "image_id": "ami-809f84e6",
                            "instance_type": "t2.nano",
                            "key_name": "AWS_Mettalloids_Key",
                            "name": "ppv",
                            "root_block_device.#": "1",
                            "root_block_device.0.delete_on_termination": "true",
                            "root_block_device.0.iops": "0",
                            "root_block_device.0.volume_size": "8",
                            "root_block_device.0.volume_type": "gp2",
                            "security_groups.#": "1",
                            "security_groups.1620334714": "sg-d37fb9a8",
                            "spot_price": "",
                            "user_data": "e6d52e1ee23e4784d949a07b99701f445ef0ff49",
                            "vpc_classic_link_id": "",
                            "vpc_classic_link_security_groups.#": "0"
                        },
                        "meta": {},
                        "tainted": false
                    },
                    "deposed": [],
                    "provider": ""
                },
                "aws_route53_record.prod-app-url": {
                    "type": "aws_route53_record",
                    "depends_on": [],
                    "primary": {
                        "id": "Z27HN95YLRNUWB_bookshelf.ng_A",
                        "attributes": {
                            "fqdn": "bookshelf.ng.peculiarppv.com",
                            "health_check_id": "",
                            "id": "Z27HN95YLRNUWB_bookshelf.ng_A",
                            "name": "bookshelf.ng",
                            "records.#": "1",
                            "records.1976132859": "52.19.0.218",
                            "set_identifier": "",
                            "ttl": "300",
                            "type": "A",
                            "zone_id": "Z27HN95YLRNUWB"
                        },
                        "meta": {
                            "schema_version": "2"
                        },
                        "tainted": false
                    },
                    "deposed": [],
                    "provider": ""
                },
                "aws_route53_record.prod-website-a": {
                    "type": "aws_route53_record",
                    "depends_on": [],
                    "primary": {
                        "id": "Z27HN95YLRNUWB_www.peculiarppv.com_A",
                        "attributes": {
                            "fqdn": "www.peculiarppv.com",
                            "health_check_id": "",
                            "id": "Z27HN95YLRNUWB_www.peculiarppv.com_A",
                            "name": "www.peculiarppv.com",
                            "records.#": "1",
                            "records.1976132859": "52.19.0.218",
                            "set_identifier": "",
                            "ttl": "300",
                            "type": "A",
                            "zone_id": "Z27HN95YLRNUWB"
                        },
                        "meta": {
                            "schema_version": "2"
                        },
                        "tainted": false
                    },
                    "deposed": [],
                    "provider": ""
                },
                "aws_route53_record.prod-website-b": {
                    "type": "aws_route53_record",
                    "depends_on": [],
                    "primary": {
                        "id": "Z27HN95YLRNUWB_peculiarppv.com_A",
                        "attributes": {
                            "fqdn": "peculiarppv.com",
                            "health_check_id": "",
                            "id": "Z27HN95YLRNUWB_peculiarppv.com_A",
                            "name": "peculiarppv.com",
                            "records.#": "1",
                            "records.1976132859": "52.19.0.218",
                            "set_identifier": "",
                            "ttl": "300",
                            "type": "A",
                            "zone_id": "Z27HN95YLRNUWB"
                        },
                        "meta": {
                            "schema_version": "2"
                        },
                        "tainted": false
                    },
                    "deposed": [],
                    "provider": ""
                },
                "aws_security_group.ecs": {
                    "type": "aws_security_group",
                    "depends_on": [],
                    "primary": {
                        "id": "sg-d37fb9a8",
                        "attributes": {
                            "description": "Container Instance Allowed Ports",
                            "egress.#": "1",
                            "egress.482069346.cidr_blocks.#": "1",
                            "egress.482069346.cidr_blocks.0": "0.0.0.0/0",
                            "egress.482069346.from_port": "0",
                            "egress.482069346.ipv6_cidr_blocks.#": "0",
                            "egress.482069346.prefix_list_ids.#": "0",
                            "egress.482069346.protocol": "-1",
                            "egress.482069346.security_groups.#": "0",
                            "egress.482069346.self": "false",
                            "egress.482069346.to_port": "0",
                            "id": "sg-d37fb9a8",
                            "ingress.#": "3",
                            "ingress.2214680975.cidr_blocks.#": "1",
                            "ingress.2214680975.cidr_blocks.0": "0.0.0.0/0",
                            "ingress.2214680975.from_port": "80",
                            "ingress.2214680975.ipv6_cidr_blocks.#": "0",
                            "ingress.2214680975.protocol": "tcp",
                            "ingress.2214680975.security_groups.#": "0",
                            "ingress.2214680975.self": "false",
                            "ingress.2214680975.to_port": "80",
                            "ingress.2541437006.cidr_blocks.#": "1",
                            "ingress.2541437006.cidr_blocks.0": "0.0.0.0/0",
                            "ingress.2541437006.from_port": "22",
                            "ingress.2541437006.ipv6_cidr_blocks.#": "0",
                            "ingress.2541437006.protocol": "tcp",
                            "ingress.2541437006.security_groups.#": "0",
                            "ingress.2541437006.self": "false",
                            "ingress.2541437006.to_port": "22",
                            "ingress.2617001939.cidr_blocks.#": "1",
                            "ingress.2617001939.cidr_blocks.0": "0.0.0.0/0",
                            "ingress.2617001939.from_port": "443",
                            "ingress.2617001939.ipv6_cidr_blocks.#": "0",
                            "ingress.2617001939.protocol": "tcp",
                            "ingress.2617001939.security_groups.#": "0",
                            "ingress.2617001939.self": "false",
                            "ingress.2617001939.to_port": "443",
                            "name": "ppv-ecs-sg",
                            "owner_id": "780172389235",
                            "tags.%": "1",
                            "tags.Name": "ppv-ecs-prod",
                            "vpc_id": "vpc-4cc48228"
                        },
                        "meta": {},
                        "tainted": false
                    },
                    "deposed": [],
                    "provider": ""
                },
                "aws_security_group.internal": {
                    "type": "aws_security_group",
                    "depends_on": [],
                    "primary": {
                        "id": "sg-0133fd7a",
                        "attributes": {
                            "description": "ppv internal SG",
                            "egress.#": "1",
                            "egress.482069346.cidr_blocks.#": "1",
                            "egress.482069346.cidr_blocks.0": "0.0.0.0/0",
                            "egress.482069346.from_port": "0",
                            "egress.482069346.ipv6_cidr_blocks.#": "0",
                            "egress.482069346.prefix_list_ids.#": "0",
                            "egress.482069346.protocol": "-1",
                            "egress.482069346.security_groups.#": "0",
                            "egress.482069346.self": "false",
                            "egress.482069346.to_port": "0",
                            "id": "sg-0133fd7a",
                            "ingress.#": "0",
                            "name": "ppv-internal-sg",
                            "owner_id": "780172389235",
                            "tags.%": "0",
                            "vpc_id": "vpc-4cc48228"
                        },
                        "meta": {},
                        "tainted": false
                    },
                    "deposed": [],
                    "provider": ""
                },
                "aws_security_group_rule.allow_all_out_from_ecs": {
                    "type": "aws_security_group_rule",
                    "depends_on": [
                        "aws_security_group.internal"
                    ],
                    "primary": {
                        "id": "sgrule-2235400983",
                        "attributes": {
                            "cidr_blocks.#": "1",
                            "cidr_blocks.0": "0.0.0.0/0",
                            "from_port": "0",
                            "id": "sgrule-2235400983",
                            "ipv6_cidr_blocks.#": "0",
                            "prefix_list_ids.#": "0",
                            "protocol": "-1",
                            "security_group_id": "sg-0133fd7a",
                            "self": "false",
                            "to_port": "0",
                            "type": "egress"
                        },
                        "meta": {
                            "schema_version": "2"
                        },
                        "tainted": false
                    },
                    "deposed": [],
                    "provider": ""
                }
            },
            "depends_on": []
        },
        {
            "path": [
                "root",
                "efs"
            ],
            "outputs": {
                "efs_output": {
                    "sensitive": false,
                    "type": "string",
                    "value": "b6897e6e8bc0b5f0c462438f2522c2264d7d28dd47612a0e87410cc71c496cff"
                }
            },
            "resources": {
                "aws_efs_file_system.fs": {
                    "type": "aws_efs_file_system",
                    "depends_on": [],
                    "primary": {
                        "id": "fs-22309eeb",
                        "attributes": {
                            "creation_token": "terraform-20171031132524080900000001",
                            "encrypted": "false",
                            "id": "fs-22309eeb",
                            "kms_key_id": "",
                            "performance_mode": "maxIO",
                            "tags.%": "2",
                            "tags.BILLING_PROJECT": "ppv",
                            "tags.Name": "ppv-prod"
                        },
                        "meta": {},
                        "tainted": false
                    },
                    "deposed": [],
                    "provider": ""
                },
                "aws_efs_mount_target.subnet_a": {
                    "type": "aws_efs_mount_target",
                    "depends_on": [
                        "aws_efs_file_system.fs"
                    ],
                    "primary": {
                        "id": "fsmt-1b12bbd2",
                        "attributes": {
                            "dns_name": "fs-22309eeb.efs.eu-west-1.amazonaws.com",
                            "file_system_id": "fs-22309eeb",
                            "id": "fsmt-1b12bbd2",
                            "ip_address": "10.130.3.14",
                            "network_interface_id": "eni-26aa7226",
                            "security_groups.#": "1",
                            "security_groups.1482002420": "sg-0133fd7a",
                            "subnet_id": "subnet-61f96b3a"
                        },
                        "meta": {},
                        "tainted": false
                    },
                    "deposed": [],
                    "provider": ""
                },
                "aws_efs_mount_target.subnet_b": {
                    "type": "aws_efs_mount_target",
                    "depends_on": [
                        "aws_efs_file_system.fs"
                    ],
                    "primary": {
                        "id": "fsmt-1912bbd0",
                        "attributes": {
                            "dns_name": "fs-22309eeb.efs.eu-west-1.amazonaws.com",
                            "file_system_id": "fs-22309eeb",
                            "id": "fsmt-1912bbd0",
                            "ip_address": "10.130.2.102",
                            "network_interface_id": "eni-bb331697",
                            "security_groups.#": "1",
                            "security_groups.1482002420": "sg-0133fd7a",
                            "subnet_id": "subnet-03421d67"
                        },
                        "meta": {},
                        "tainted": false
                    },
                    "deposed": [],
                    "provider": ""
                },
                "aws_efs_mount_target.subnet_c": {
                    "type": "aws_efs_mount_target",
                    "depends_on": [
                        "aws_efs_file_system.fs"
                    ],
                    "primary": {
                        "id": "fsmt-1a12bbd3",
                        "attributes": {
                            "dns_name": "fs-22309eeb.efs.eu-west-1.amazonaws.com",
                            "file_system_id": "fs-22309eeb",
                            "id": "fsmt-1a12bbd3",
                            "ip_address": "10.130.1.185",
                            "network_interface_id": "eni-3430770a",
                            "security_groups.#": "1",
                            "security_groups.1482002420": "sg-0133fd7a",
                            "subnet_id": "subnet-380f594e"
                        },
                        "meta": {},
                        "tainted": false
                    },
                    "deposed": [],
                    "provider": ""
                },
                "data.ignition_systemd_unit.efs": {
                    "type": "ignition_systemd_unit",
                    "depends_on": [
                        "aws_efs_file_system.fs"
                    ],
                    "primary": {
                        "id": "b6897e6e8bc0b5f0c462438f2522c2264d7d28dd47612a0e87410cc71c496cff",
                        "attributes": {
                            "content": "[Mount]\nWhat=fs-22309eeb.efs.eu-west-1.amazonaws.com:/\nWhere=/data\nType=nfs\n[Install]\nWantedBy=multi-user.target",
                            "enable": "true",
                            "id": "b6897e6e8bc0b5f0c462438f2522c2264d7d28dd47612a0e87410cc71c496cff",
                            "name": "data.mount"
                        },
                        "meta": {},
                        "tainted": false
                    },
                    "deposed": [],
                    "provider": ""
                },
                "data.template_file.efs_config": {
                    "type": "template_file",
                    "depends_on": [
                        "aws_efs_file_system.fs"
                    ],
                    "primary": {
                        "id": "6b28333c5d81485da1cf99880423b8c441ce8071d08a45215ac44815558389c7",
                        "attributes": {
                            "id": "6b28333c5d81485da1cf99880423b8c441ce8071d08a45215ac44815558389c7",
                            "rendered": "[Mount]\\nWhat=fs-22309eeb.eu-west-1.amazonaws.com:/data\\nWhere=/data\\nType=nfs\\n[Install]\\nWantedBy=multi-user.target\n",
                            "template": "[Mount]\\nWhat=${efs_id}.${aws_region}.amazonaws.com:/data\\nWhere=/data\\nType=nfs\\n[Install]\\nWantedBy=multi-user.target\n",
                            "vars.%": "2",
                            "vars.aws_region": "eu-west-1",
                            "vars.efs_id": "fs-22309eeb"
                        },
                        "meta": {},
                        "tainted": false
                    },
                    "deposed": [],
                    "provider": ""
                }
            },
            "depends_on": []
        }
    ]
}
