{
    "version": 3,
    "terraform_version": "0.11.3",
    "serial": 1,
    "lineage": "88a286e3-865f-4e7c-8d34-27925f47b60a",
    "modules": [
        {
            "path": [
                "root"
            ],
            "outputs": {},
            "resources": {},
            "depends_on": []
        },
        {
            "path": [
                "root",
                "backend"
            ],
            "outputs": {},
            "resources": {
                "aws_dynamodb_table.terraform-lock": {
                    "type": "aws_dynamodb_table",
                    "depends_on": [],
                    "primary": {
                        "id": "peculiar-ppv-dev-terraform-lock",
                        "attributes": {
                            "arn": "arn:aws:dynamodb:eu-west-1:780172389235:table/peculiar-ppv-dev-terraform-lock",
                            "attribute.#": "1",
                            "attribute.2068930648.name": "LockID",
                            "attribute.2068930648.type": "S",
                            "global_secondary_index.#": "0",
                            "hash_key": "LockID",
                            "id": "peculiar-ppv-dev-terraform-lock",
                            "local_secondary_index.#": "0",
                            "name": "peculiar-ppv-dev-terraform-lock",
                            "read_capacity": "20",
                            "stream_arn": "",
                            "stream_enabled": "false",
                            "stream_label": "",
                            "stream_view_type": "",
                            "tags.%": "0",
                            "ttl.#": "0",
                            "write_capacity": "20"
                        },
                        "meta": {
                            "e2bfb730-ecaa-11e6-8f88-34363bc7c4c0": {
                                "create": 600000000000,
                                "delete": 600000000000,
                                "update": 600000000000
                            },
                            "schema_version": "1"
                        },
                        "tainted": false
                    },
                    "deposed": [],
                    "provider": "provider.aws"
                }
            },
            "depends_on": []
        }
    ]
}
